
Microsoft Visual Studio Solution File, Format Version 12.00
# Visual Studio 2012
Project("{FAE04EC0-301F-11D3-BF4B-00C04F79EFBC}") = "Parcels", "Parcels\Parcels.csproj", "{08C53D4D-86E3-44CC-B67E-9B4F42915549}"
EndProject
Project("{FAE04EC0-301F-11D3-BF4B-00C04F79EFBC}") = "Parcels.Tests", "ParcelsTests\Parcels.Tests.csproj", "{AFDAA095-0575-41DC-9EC9-69C9551DE758}"
EndProject
Global
	GlobalSection(SolutionConfigurationPlatforms) = preSolution
		Debug|Any CPU = Debug|Any CPU
		Release|Any CPU = Release|Any CPU
	EndGlobalSection
	GlobalSection(ProjectConfigurationPlatforms) = postSolution
		{08C53D4D-86E3-44CC-B67E-9B4F42915549}.Debug|Any CPU.ActiveCfg = Debug|Any CPU
		{08C53D4D-86E3-44CC-B67E-9B4F42915549}.Debug|Any CPU.Build.0 = Debug|Any CPU
		{08C53D4D-86E3-44CC-B67E-9B4F42915549}.Release|Any CPU.ActiveCfg = Release|Any CPU
		{08C53D4D-86E3-44CC-B67E-9B4F42915549}.Release|Any CPU.Build.0 = Release|Any CPU
		{AFDAA095-0575-41DC-9EC9-69C9551DE758}.Debug|Any CPU.ActiveCfg = Debug|Any CPU
		{AFDAA095-0575-41DC-9EC9-69C9551DE758}.Debug|Any CPU.Build.0 = Debug|Any CPU
		{AFDAA095-0575-41DC-9EC9-69C9551DE758}.Release|Any CPU.ActiveCfg = Release|Any CPU
		{AFDAA095-0575-41DC-9EC9-69C9551DE758}.Release|Any CPU.Build.0 = Release|Any CPU
	EndGlobalSection
EndGlobal
